
Microsoft Visual Studio Solution File, Format Version 12.00
# Visual Studio 2013
VisualStudioVersion = 12.0.31101.0
MinimumVisualStudioVersion = 10.0.40219.1
Project("{8BC9CEB8-8B4A-11D0-8D11-00A0C91BC942}") = "PRACTICA1_E1", "PRACTICA1_E1\PRACTICA1_E1.vcxproj", "{E8F1D9D2-91F4-44CB-8A3E-234205DE3B1C}"
EndProject
Project("{8BC9CEB8-8B4A-11D0-8D11-00A0C91BC942}") = "PRACTICA1_E2", "PRACTICA1_E2\PRACTICA1_E2.vcxproj", "{92F5AC66-5370-47C9-84B2-9E3665466DE6}"
EndProject
Project("{8BC9CEB8-8B4A-11D0-8D11-00A0C91BC942}") = "PRACTICA3", "PRACTICA3\PRACTICA3.vcxproj", "{ACEBC8B7-FD3A-4AD7-9553-7721E09B8ECC}"
EndProject
Project("{8BC9CEB8-8B4A-11D0-8D11-00A0C91BC942}") = "PRACTICA1_E3", "PRACTICA1_E3\PRACTICA1_E3.vcxproj", "{4AA1DEB9-0E8C-4E9C-8C95-8735358EDA4F}"
EndProject
Project("{8BC9CEB8-8B4A-11D0-8D11-00A0C91BC942}") = "PRACTICA1_E4", "PRACTICA1_E4\PRACTICA1_E4.vcxproj", "{9B933AB4-C6F6-46C4-889D-32415C4D7797}"
EndProject
Project("{8BC9CEB8-8B4A-11D0-8D11-00A0C91BC942}") = "PRACTICA1_E5", "PRACTICA1_E5\PRACTICA1_E5.vcxproj", "{301D38DB-A490-4C8C-9F2C-A351C57548AC}"
EndProject
Project("{8BC9CEB8-8B4A-11D0-8D11-00A0C91BC942}") = "PRACTICA1_E6", "PRACTICA1_E6\PRACTICA1_E6.vcxproj", "{CFD31958-BE0C-4BF6-BAD8-6E4DFA08321B}"
EndProject
Project("{8BC9CEB8-8B4A-11D0-8D11-00A0C91BC942}") = "PRACTICA1_E7", "PRACTICA1_E7\PRACTICA1_E7.vcxproj", "{302A4293-3B70-4839-9069-817C6D43A7AE}"
EndProject
Global
	GlobalSection(SolutionConfigurationPlatforms) = preSolution
		Debug|Win32 = Debug|Win32
		Release|Win32 = Release|Win32
	EndGlobalSection
	GlobalSection(ProjectConfigurationPlatforms) = postSolution
		{E8F1D9D2-91F4-44CB-8A3E-234205DE3B1C}.Debug|Win32.ActiveCfg = Debug|Win32
		{E8F1D9D2-91F4-44CB-8A3E-234205DE3B1C}.Debug|Win32.Build.0 = Debug|Win32
		{E8F1D9D2-91F4-44CB-8A3E-234205DE3B1C}.Release|Win32.ActiveCfg = Release|Win32
		{E8F1D9D2-91F4-44CB-8A3E-234205DE3B1C}.Release|Win32.Build.0 = Release|Win32
		{92F5AC66-5370-47C9-84B2-9E3665466DE6}.Debug|Win32.ActiveCfg = Debug|Win32
		{92F5AC66-5370-47C9-84B2-9E3665466DE6}.Debug|Win32.Build.0 = Debug|Win32
		{92F5AC66-5370-47C9-84B2-9E3665466DE6}.Release|Win32.ActiveCfg = Release|Win32
		{92F5AC66-5370-47C9-84B2-9E3665466DE6}.Release|Win32.Build.0 = Release|Win32
		{ACEBC8B7-FD3A-4AD7-9553-7721E09B8ECC}.Debug|Win32.ActiveCfg = Debug|Win32
		{ACEBC8B7-FD3A-4AD7-9553-7721E09B8ECC}.Debug|Win32.Build.0 = Debug|Win32
		{ACEBC8B7-FD3A-4AD7-9553-7721E09B8ECC}.Release|Win32.ActiveCfg = Release|Win32
		{ACEBC8B7-FD3A-4AD7-9553-7721E09B8ECC}.Release|Win32.Build.0 = Release|Win32
		{4AA1DEB9-0E8C-4E9C-8C95-8735358EDA4F}.Debug|Win32.ActiveCfg = Debug|Win32
		{4AA1DEB9-0E8C-4E9C-8C95-8735358EDA4F}.Debug|Win32.Build.0 = Debug|Win32
		{4AA1DEB9-0E8C-4E9C-8C95-8735358EDA4F}.Release|Win32.ActiveCfg = Release|Win32
		{4AA1DEB9-0E8C-4E9C-8C95-8735358EDA4F}.Release|Win32.Build.0 = Release|Win32
		{9B933AB4-C6F6-46C4-889D-32415C4D7797}.Debug|Win32.ActiveCfg = Debug|Win32
		{9B933AB4-C6F6-46C4-889D-32415C4D7797}.Debug|Win32.Build.0 = Debug|Win32
		{9B933AB4-C6F6-46C4-889D-32415C4D7797}.Release|Win32.ActiveCfg = Release|Win32
		{9B933AB4-C6F6-46C4-889D-32415C4D7797}.Release|Win32.Build.0 = Release|Win32
		{301D38DB-A490-4C8C-9F2C-A351C57548AC}.Debug|Win32.ActiveCfg = Debug|Win32
		{301D38DB-A490-4C8C-9F2C-A351C57548AC}.Debug|Win32.Build.0 = Debug|Win32
		{301D38DB-A490-4C8C-9F2C-A351C57548AC}.Release|Win32.ActiveCfg = Release|Win32
		{301D38DB-A490-4C8C-9F2C-A351C57548AC}.Release|Win32.Build.0 = Release|Win32
		{CFD31958-BE0C-4BF6-BAD8-6E4DFA08321B}.Debug|Win32.ActiveCfg = Debug|Win32
		{CFD31958-BE0C-4BF6-BAD8-6E4DFA08321B}.Debug|Win32.Build.0 = Debug|Win32
		{CFD31958-BE0C-4BF6-BAD8-6E4DFA08321B}.Release|Win32.ActiveCfg = Release|Win32
		{CFD31958-BE0C-4BF6-BAD8-6E4DFA08321B}.Release|Win32.Build.0 = Release|Win32
		{302A4293-3B70-4839-9069-817C6D43A7AE}.Debug|Win32.ActiveCfg = Debug|Win32
		{302A4293-3B70-4839-9069-817C6D43A7AE}.Debug|Win32.Build.0 = Debug|Win32
		{302A4293-3B70-4839-9069-817C6D43A7AE}.Release|Win32.ActiveCfg = Release|Win32
		{302A4293-3B70-4839-9069-817C6D43A7AE}.Release|Win32.Build.0 = Release|Win32
	EndGlobalSection
	GlobalSection(SolutionProperties) = preSolution
		HideSolutionNode = FALSE
	EndGlobalSection
EndGlobal
